
Microsoft Visual Studio Solution File, Format Version 12.00
# Visual Studio 15
VisualStudioVersion = 15.0.27703.2042
MinimumVisualStudioVersion = 10.0.40219.1
Project("{F184B08F-C81C-45F6-A57F-5ABD9991F28F}") = "TServer", "TServer\TServer.vbproj", "{3F90DC61-FF1F-48A9-B3B0-4C8B0035BAE1}"
EndProject
Project("{F184B08F-C81C-45F6-A57F-5ABD9991F28F}") = "TClient", "TClient\TClient.vbproj", "{F4C02F2B-0513-49BE-AB08-B77BE2F9E805}"
EndProject
Global
	GlobalSection(SolutionConfigurationPlatforms) = preSolution
		Debug|Any CPU = Debug|Any CPU
		Release|Any CPU = Release|Any CPU
	EndGlobalSection
	GlobalSection(ProjectConfigurationPlatforms) = postSolution
		{3F90DC61-FF1F-48A9-B3B0-4C8B0035BAE1}.Debug|Any CPU.ActiveCfg = Debug|Any CPU
		{3F90DC61-FF1F-48A9-B3B0-4C8B0035BAE1}.Debug|Any CPU.Build.0 = Debug|Any CPU
		{3F90DC61-FF1F-48A9-B3B0-4C8B0035BAE1}.Release|Any CPU.ActiveCfg = Release|Any CPU
		{3F90DC61-FF1F-48A9-B3B0-4C8B0035BAE1}.Release|Any CPU.Build.0 = Release|Any CPU
		{F4C02F2B-0513-49BE-AB08-B77BE2F9E805}.Debug|Any CPU.ActiveCfg = Debug|Any CPU
		{F4C02F2B-0513-49BE-AB08-B77BE2F9E805}.Debug|Any CPU.Build.0 = Debug|Any CPU
		{F4C02F2B-0513-49BE-AB08-B77BE2F9E805}.Release|Any CPU.ActiveCfg = Release|Any CPU
		{F4C02F2B-0513-49BE-AB08-B77BE2F9E805}.Release|Any CPU.Build.0 = Release|Any CPU
	EndGlobalSection
	GlobalSection(SolutionProperties) = preSolution
		HideSolutionNode = FALSE
	EndGlobalSection
	GlobalSection(ExtensibilityGlobals) = postSolution
		SolutionGuid = {DE225C29-4C31-4933-9E23-71C125FACF13}
	EndGlobalSection
EndGlobal
